
Microsoft Visual Studio Solution File, Format Version 12.00
Project("{FAE04EC0-301F-11D3-BF4B-00C04F79EFBC}") = "HandsOn.Console.EFCore", "HandsOn.Console.EFCore\HandsOn.Console.EFCore.csproj", "{DD41B591-2C20-44F9-8F65-9CA9386DA02F}"
EndProject
Project("{FAE04EC0-301F-11D3-BF4B-00C04F79EFBC}") = "HandsOn.Console.EFCore.Tests", "HandsOn.Console.EFCore.Tests\HandsOn.Console.EFCore.Tests.csproj", "{22E38A73-296F-4BF3-B8F7-53F1C5A745A5}"
EndProject
Global
	GlobalSection(SolutionConfigurationPlatforms) = preSolution
		Debug|Any CPU = Debug|Any CPU
		Release|Any CPU = Release|Any CPU
	EndGlobalSection
	GlobalSection(ProjectConfigurationPlatforms) = postSolution
		{DD41B591-2C20-44F9-8F65-9CA9386DA02F}.Debug|Any CPU.ActiveCfg = Debug|Any CPU
		{DD41B591-2C20-44F9-8F65-9CA9386DA02F}.Debug|Any CPU.Build.0 = Debug|Any CPU
		{DD41B591-2C20-44F9-8F65-9CA9386DA02F}.Release|Any CPU.ActiveCfg = Release|Any CPU
		{DD41B591-2C20-44F9-8F65-9CA9386DA02F}.Release|Any CPU.Build.0 = Release|Any CPU
		{22E38A73-296F-4BF3-B8F7-53F1C5A745A5}.Debug|Any CPU.ActiveCfg = Debug|Any CPU
		{22E38A73-296F-4BF3-B8F7-53F1C5A745A5}.Debug|Any CPU.Build.0 = Debug|Any CPU
		{22E38A73-296F-4BF3-B8F7-53F1C5A745A5}.Release|Any CPU.ActiveCfg = Release|Any CPU
		{22E38A73-296F-4BF3-B8F7-53F1C5A745A5}.Release|Any CPU.Build.0 = Release|Any CPU
	EndGlobalSection
EndGlobal
