
Microsoft Visual Studio Solution File, Format Version 12.00
Project("{FAE04EC0-301F-11D3-BF4B-00C04F79EFBC}") = "HandsOn.Console.AzureServiceBus.Queue.Sender", "HandsOn.Console.AzureServiceBus.Queue.Sender\HandsOn.Console.AzureServiceBus.Queue.Sender.csproj", "{F762A3D3-023F-48D6-836C-12615472EE55}"
EndProject
Project("{FAE04EC0-301F-11D3-BF4B-00C04F79EFBC}") = "HandsOn.Console.AzureServiceBus.Queue.Receiver", "HandsOn.Console.AzureServiceBus.Queue.Receiver\HandsOn.Console.AzureServiceBus.Queue.Receiver.csproj", "{CA501D9D-452B-4E5F-BEE7-26A4DDEF42CC}"
EndProject
Project("{FAE04EC0-301F-11D3-BF4B-00C04F79EFBC}") = "HandsOn.Console.AzureServiceBus.Common", "HandsOn.Console.AzureServiceBus.Common\HandsOn.Console.AzureServiceBus.Common.csproj", "{03AD7F00-AFAB-48A8-A84A-03C1B27DE9FB}"
EndProject
Project("{FAE04EC0-301F-11D3-BF4B-00C04F79EFBC}") = "HandsOn.Console.AzureServiceBus.Topic.Sender", "HandsOn.Console.AzureServiceBus.Topic.Sender\HandsOn.Console.AzureServiceBus.Topic.Sender.csproj", "{C2F96A0F-8F45-468C-82A6-BFFA5B565C58}"
EndProject
Project("{FAE04EC0-301F-11D3-BF4B-00C04F79EFBC}") = "HandsOn.Console.AzureServiceBus.Topic.Subscription1", "HandsOn.Console.AzureServiceBus.Topic.Subscription1\HandsOn.Console.AzureServiceBus.Topic.Subscription1.csproj", "{125B0559-8A68-400E-A66F-6A98676EFA43}"
EndProject
Project("{FAE04EC0-301F-11D3-BF4B-00C04F79EFBC}") = "HandsOn.Console.AzureServiceBus.Topic.Subscription2", "HandsOn.Console.AzureServiceBus.Topic.Subscription2\HandsOn.Console.AzureServiceBus.Topic.Subscription2.csproj", "{3916780B-2CDE-4458-A662-88E0E0BB5ABB}"
EndProject
Project("{FAE04EC0-301F-11D3-BF4B-00C04F79EFBC}") = "HandsOn.Console.AzureServiceBus.Queue.Tests", "HandsOn.Console.AzureServiceBus.Queue.Tests\HandsOn.Console.AzureServiceBus.Queue.Tests.csproj", "{5E322D98-4B90-4E7E-96AE-B7706D774793}"
EndProject
Project("{FAE04EC0-301F-11D3-BF4B-00C04F79EFBC}") = "HandsOn.Console.AzureServiceBus.Topic.Tests", "HandsOn.Console.AzureServiceBus.Topic.Tests\HandsOn.Console.AzureServiceBus.Topic.Tests.csproj", "{DC4096BD-0540-4600-B7AC-AC9583A697D3}"
EndProject
Global
	GlobalSection(SolutionConfigurationPlatforms) = preSolution
		Debug|Any CPU = Debug|Any CPU
		Release|Any CPU = Release|Any CPU
	EndGlobalSection
	GlobalSection(ProjectConfigurationPlatforms) = postSolution
		{F762A3D3-023F-48D6-836C-12615472EE55}.Debug|Any CPU.ActiveCfg = Debug|Any CPU
		{F762A3D3-023F-48D6-836C-12615472EE55}.Debug|Any CPU.Build.0 = Debug|Any CPU
		{F762A3D3-023F-48D6-836C-12615472EE55}.Release|Any CPU.ActiveCfg = Release|Any CPU
		{F762A3D3-023F-48D6-836C-12615472EE55}.Release|Any CPU.Build.0 = Release|Any CPU
		{CA501D9D-452B-4E5F-BEE7-26A4DDEF42CC}.Debug|Any CPU.ActiveCfg = Debug|Any CPU
		{CA501D9D-452B-4E5F-BEE7-26A4DDEF42CC}.Debug|Any CPU.Build.0 = Debug|Any CPU
		{CA501D9D-452B-4E5F-BEE7-26A4DDEF42CC}.Release|Any CPU.ActiveCfg = Release|Any CPU
		{CA501D9D-452B-4E5F-BEE7-26A4DDEF42CC}.Release|Any CPU.Build.0 = Release|Any CPU
		{03AD7F00-AFAB-48A8-A84A-03C1B27DE9FB}.Debug|Any CPU.ActiveCfg = Debug|Any CPU
		{03AD7F00-AFAB-48A8-A84A-03C1B27DE9FB}.Debug|Any CPU.Build.0 = Debug|Any CPU
		{03AD7F00-AFAB-48A8-A84A-03C1B27DE9FB}.Release|Any CPU.ActiveCfg = Release|Any CPU
		{03AD7F00-AFAB-48A8-A84A-03C1B27DE9FB}.Release|Any CPU.Build.0 = Release|Any CPU
		{C2F96A0F-8F45-468C-82A6-BFFA5B565C58}.Debug|Any CPU.ActiveCfg = Debug|Any CPU
		{C2F96A0F-8F45-468C-82A6-BFFA5B565C58}.Debug|Any CPU.Build.0 = Debug|Any CPU
		{C2F96A0F-8F45-468C-82A6-BFFA5B565C58}.Release|Any CPU.ActiveCfg = Release|Any CPU
		{C2F96A0F-8F45-468C-82A6-BFFA5B565C58}.Release|Any CPU.Build.0 = Release|Any CPU
		{125B0559-8A68-400E-A66F-6A98676EFA43}.Debug|Any CPU.ActiveCfg = Debug|Any CPU
		{125B0559-8A68-400E-A66F-6A98676EFA43}.Debug|Any CPU.Build.0 = Debug|Any CPU
		{125B0559-8A68-400E-A66F-6A98676EFA43}.Release|Any CPU.ActiveCfg = Release|Any CPU
		{125B0559-8A68-400E-A66F-6A98676EFA43}.Release|Any CPU.Build.0 = Release|Any CPU
		{3916780B-2CDE-4458-A662-88E0E0BB5ABB}.Debug|Any CPU.ActiveCfg = Debug|Any CPU
		{3916780B-2CDE-4458-A662-88E0E0BB5ABB}.Debug|Any CPU.Build.0 = Debug|Any CPU
		{3916780B-2CDE-4458-A662-88E0E0BB5ABB}.Release|Any CPU.ActiveCfg = Release|Any CPU
		{3916780B-2CDE-4458-A662-88E0E0BB5ABB}.Release|Any CPU.Build.0 = Release|Any CPU
		{5E322D98-4B90-4E7E-96AE-B7706D774793}.Debug|Any CPU.ActiveCfg = Debug|Any CPU
		{5E322D98-4B90-4E7E-96AE-B7706D774793}.Debug|Any CPU.Build.0 = Debug|Any CPU
		{5E322D98-4B90-4E7E-96AE-B7706D774793}.Release|Any CPU.ActiveCfg = Release|Any CPU
		{5E322D98-4B90-4E7E-96AE-B7706D774793}.Release|Any CPU.Build.0 = Release|Any CPU
		{DC4096BD-0540-4600-B7AC-AC9583A697D3}.Debug|Any CPU.ActiveCfg = Debug|Any CPU
		{DC4096BD-0540-4600-B7AC-AC9583A697D3}.Debug|Any CPU.Build.0 = Debug|Any CPU
		{DC4096BD-0540-4600-B7AC-AC9583A697D3}.Release|Any CPU.ActiveCfg = Release|Any CPU
		{DC4096BD-0540-4600-B7AC-AC9583A697D3}.Release|Any CPU.Build.0 = Release|Any CPU
	EndGlobalSection
EndGlobal
